// !$*UTF8*$!
{
	archiveVersion = 1;
	classes = {
	};
	objectVersion = 48;
	objects = {

/* Begin PBXBuildFile section */
		9B3453A02009BB9F00C4CAF7 /* AppDelegate.swift in Sources */ = {isa = PBXBuildFile; fileRef = 9B34539F2009BB9F00C4CAF7 /* AppDelegate.swift */; };
		9B3453A52009BB9F00C4CAF7 /* Main.storyboard in Resources */ = {isa = PBXBuildFile; fileRef = 9B3453A32009BB9F00C4CAF7 /* Main.storyboard */; };
		9B3453A72009BB9F00C4CAF7 /* Assets.xcassets in Resources */ = {isa = PBXBuildFile; fileRef = 9B3453A62009BB9F00C4CAF7 /* Assets.xcassets */; };
		9B3453AA2009BB9F00C4CAF7 /* LaunchScreen.storyboard in Resources */ = {isa = PBXBuildFile; fileRef = 9B3453A82009BB9F00C4CAF7 /* LaunchScreen.storyboard */; };
		9B41A0642009FE7100482629 /* AppleMusicRequestFactory.swift in Sources */ = {isa = PBXBuildFile; fileRef = 9B41A0632009FE7100482629 /* AppleMusicRequestFactory.swift */; };
		9B41A0662009FF0D00482629 /* AppleMusicManager.swift in Sources */ = {isa = PBXBuildFile; fileRef = 9B41A0652009FF0D00482629 /* AppleMusicManager.swift */; };
		9B41A068200A6FBE00482629 /* JSONKeys.swift in Sources */ = {isa = PBXBuildFile; fileRef = 9B41A067200A6FBE00482629 /* JSONKeys.swift */; };
		9B41A06A200A701700482629 /* MediaItem.swift in Sources */ = {isa = PBXBuildFile; fileRef = 9B41A069200A701700482629 /* MediaItem.swift */; };
		9B41A06C200A706F00482629 /* Artwork.swift in Sources */ = {isa = PBXBuildFile; fileRef = 9B41A06B200A706F00482629 /* Artwork.swift */; };
		9B41A06E200A707500482629 /* SerializationError.swift in Sources */ = {isa = PBXBuildFile; fileRef = 9B41A06D200A707500482629 /* SerializationError.swift */; };
		9B41A072200A752900482629 /* MyPlaylistTableViewController.swift in Sources */ = {isa = PBXBuildFile; fileRef = 9B41A071200A752900482629 /* MyPlaylistTableViewController.swift */; };
		9B41A098200B3FE300482629 /* SearchTableViewController.swift in Sources */ = {isa = PBXBuildFile; fileRef = 9B41A097200B3FE300482629 /* SearchTableViewController.swift */; };
		9B41A09A200BAA5400482629 /* MediaItemTableViewCell.swift in Sources */ = {isa = PBXBuildFile; fileRef = 9B41A099200BAA5400482629 /* MediaItemTableViewCell.swift */; };
		9B41A09C200BAFD900482629 /* RecentTableViewController.swift in Sources */ = {isa = PBXBuildFile; fileRef = 9B41A09B200BAFD900482629 /* RecentTableViewController.swift */; };
		9B41A09E200BB38D00482629 /* AuthorizeTableViewController.swift in Sources */ = {isa = PBXBuildFile; fileRef = 9B41A09D200BB38D00482629 /* AuthorizeTableViewController.swift */; };
		9B41A0A0200BCDB700482629 /* MediaItemTableViewController.swift in Sources */ = {isa = PBXBuildFile; fileRef = 9B41A09F200BCDB700482629 /* MediaItemTableViewController.swift */; };
		9B623A4120133252008701EF /* NetworkController.swift in Sources */ = {isa = PBXBuildFile; fileRef = 9B623A4020133252008701EF /* NetworkController.swift */; };
		9B623A4320135529008701EF /* MediaItemTableViewCell.xib in Resources */ = {isa = PBXBuildFile; fileRef = 9B623A4220135529008701EF /* MediaItemTableViewCell.xib */; };
		9B623A4C20136074008701EF /* AuthorizationManager.swift in Sources */ = {isa = PBXBuildFile; fileRef = 9B623A4B20136074008701EF /* AuthorizationManager.swift */; };
		9B6995DE2011156E002D3DD7 /* MediaItemViewController.swift in Sources */ = {isa = PBXBuildFile; fileRef = 9B6995DD2011156E002D3DD7 /* MediaItemViewController.swift */; };
/* End PBXBuildFile section */

/* Begin PBXFileReference section */
		9B34539C2009BB9F00C4CAF7 /* MusicKitDemo.app */ = {isa = PBXFileReference; explicitFileType = wrapper.application; includeInIndex = 0; path = MusicKitDemo.app; sourceTree = BUILT_PRODUCTS_DIR; };
		9B34539F2009BB9F00C4CAF7 /* AppDelegate.swift */ = {isa = PBXFileReference; lastKnownFileType = sourcecode.swift; path = AppDelegate.swift; sourceTree = "<group>"; };
		9B3453A42009BB9F00C4CAF7 /* Base */ = {isa = PBXFileReference; lastKnownFileType = file.storyboard; name = Base; path = Base.lproj/Main.storyboard; sourceTree = "<group>"; };
		9B3453A62009BB9F00C4CAF7 /* Assets.xcassets */ = {isa = PBXFileReference; lastKnownFileType = folder.assetcatalog; path = Assets.xcassets; sourceTree = "<group>"; };
		9B3453A92009BB9F00C4CAF7 /* Base */ = {isa = PBXFileReference; lastKnownFileType = file.storyboard; name = Base; path = Base.lproj/LaunchScreen.storyboard; sourceTree = "<group>"; };
		9B3453AB2009BB9F00C4CAF7 /* Info.plist */ = {isa = PBXFileReference; lastKnownFileType = text.plist.xml; path = Info.plist; sourceTree = "<group>"; };
		9B41A0632009FE7100482629 /* AppleMusicRequestFactory.swift */ = {isa = PBXFileReference; lastKnownFileType = sourcecode.swift; path = AppleMusicRequestFactory.swift; sourceTree = "<group>"; };
		9B41A0652009FF0D00482629 /* AppleMusicManager.swift */ = {isa = PBXFileReference; lastKnownFileType = sourcecode.swift; path = AppleMusicManager.swift; sourceTree = "<group>"; };
		9B41A067200A6FBE00482629 /* JSONKeys.swift */ = {isa = PBXFileReference; fileEncoding = 4; lastKnownFileType = sourcecode.swift; path = JSONKeys.swift; sourceTree = "<group>"; };
		9B41A069200A701700482629 /* MediaItem.swift */ = {isa = PBXFileReference; fileEncoding = 4; lastKnownFileType = sourcecode.swift; path = MediaItem.swift; sourceTree = "<group>"; };
		9B41A06B200A706F00482629 /* Artwork.swift */ = {isa = PBXFileReference; fileEncoding = 4; lastKnownFileType = sourcecode.swift; path = Artwork.swift; sourceTree = "<group>"; };
		9B41A06D200A707500482629 /* SerializationError.swift */ = {isa = PBXFileReference; fileEncoding = 4; lastKnownFileType = sourcecode.swift; path = SerializationError.swift; sourceTree = "<group>"; };
		9B41A071200A752900482629 /* MyPlaylistTableViewController.swift */ = {isa = PBXFileReference; lastKnownFileType = sourcecode.swift; path = MyPlaylistTableViewController.swift; sourceTree = "<group>"; };
		9B41A097200B3FE300482629 /* SearchTableViewController.swift */ = {isa = PBXFileReference; lastKnownFileType = sourcecode.swift; path = SearchTableViewController.swift; sourceTree = "<group>"; };
		9B41A099200BAA5400482629 /* MediaItemTableViewCell.swift */ = {isa = PBXFileReference; lastKnownFileType = sourcecode.swift; path = MediaItemTableViewCell.swift; sourceTree = "<group>"; };
		9B41A09B200BAFD900482629 /* RecentTableViewController.swift */ = {isa = PBXFileReference; lastKnownFileType = sourcecode.swift; path = RecentTableViewController.swift; sourceTree = "<group>"; };
		9B41A09D200BB38D00482629 /* AuthorizeTableViewController.swift */ = {isa = PBXFileReference; lastKnownFileType = sourcecode.swift; path = AuthorizeTableViewController.swift; sourceTree = "<group>"; };
		9B41A09F200BCDB700482629 /* MediaItemTableViewController.swift */ = {isa = PBXFileReference; lastKnownFileType = sourcecode.swift; path = MediaItemTableViewController.swift; sourceTree = "<group>"; };
		9B623A4020133252008701EF /* NetworkController.swift */ = {isa = PBXFileReference; lastKnownFileType = sourcecode.swift; path = NetworkController.swift; sourceTree = "<group>"; };
		9B623A4220135529008701EF /* MediaItemTableViewCell.xib */ = {isa = PBXFileReference; lastKnownFileType = file.xib; path = MediaItemTableViewCell.xib; sourceTree = "<group>"; };
		9B623A4B20136074008701EF /* AuthorizationManager.swift */ = {isa = PBXFileReference; lastKnownFileType = sourcecode.swift; path = AuthorizationManager.swift; sourceTree = "<group>"; };
		9B6995DD2011156E002D3DD7 /* MediaItemViewController.swift */ = {isa = PBXFileReference; fileEncoding = 4; lastKnownFileType = sourcecode.swift; path = MediaItemViewController.swift; sourceTree = "<group>"; };
/* End PBXFileReference section */

/* Begin PBXFrameworksBuildPhase section */
		9B3453992009BB9F00C4CAF7 /* Frameworks */ = {
			isa = PBXFrameworksBuildPhase;
			buildActionMask = 2147483647;
			files = (
			);
			runOnlyForDeploymentPostprocessing = 0;
		};
/* End PBXFrameworksBuildPhase section */

/* Begin PBXGroup section */
		9B3453932009BB9F00C4CAF7 = {
			isa = PBXGroup;
			children = (
				9B34539E2009BB9F00C4CAF7 /* MusicKitDemo */,
				9B34539D2009BB9F00C4CAF7 /* Products */,
			);
			sourceTree = "<group>";
		};
		9B34539D2009BB9F00C4CAF7 /* Products */ = {
			isa = PBXGroup;
			children = (
				9B34539C2009BB9F00C4CAF7 /* MusicKitDemo.app */,
			);
			name = Products;
			sourceTree = "<group>";
		};
		9B34539E2009BB9F00C4CAF7 /* MusicKitDemo */ = {
			isa = PBXGroup;
			children = (
				9B34539F2009BB9F00C4CAF7 /* AppDelegate.swift */,
				9B623A4720135FCA008701EF /* controller */,
				9B623A4620135F89008701EF /* View */,
				9B623A4520135F74008701EF /* Utility */,
				9B623A4420135F44008701EF /* Model */,
				9B623A4A20136025008701EF /* Resources */,
				9B3453AB2009BB9F00C4CAF7 /* Info.plist */,
			);
			path = MusicKitDemo;
			sourceTree = "<group>";
		};
		9B623A4420135F44008701EF /* Model */ = {
			isa = PBXGroup;
			children = (
				9B41A06B200A706F00482629 /* Artwork.swift */,
				9B41A069200A701700482629 /* MediaItem.swift */,
				9B41A06D200A707500482629 /* SerializationError.swift */,
			);
			name = Model;
			sourceTree = "<group>";
		};
		9B623A4520135F74008701EF /* Utility */ = {
			isa = PBXGroup;
			children = (
				9B41A067200A6FBE00482629 /* JSONKeys.swift */,
				9B41A0632009FE7100482629 /* AppleMusicRequestFactory.swift */,
			);
			path = Utility;
			sourceTree = "<group>";
		};
		9B623A4620135F89008701EF /* View */ = {
			isa = PBXGroup;
			children = (
				9B41A09D200BB38D00482629 /* AuthorizeTableViewController.swift */,
				9B41A09F200BCDB700482629 /* MediaItemTableViewController.swift */,
				9B41A097200B3FE300482629 /* SearchTableViewController.swift */,
				9B41A09B200BAFD900482629 /* RecentTableViewController.swift */,
				9B6995DD2011156E002D3DD7 /* MediaItemViewController.swift */,
				9B41A071200A752900482629 /* MyPlaylistTableViewController.swift */,
				9B41A099200BAA5400482629 /* MediaItemTableViewCell.swift */,
				9B623A4220135529008701EF /* MediaItemTableViewCell.xib */,
			);
			name = View;
			sourceTree = "<group>";
		};
		9B623A4720135FCA008701EF /* controller */ = {
			isa = PBXGroup;
			children = (
				9B41A0652009FF0D00482629 /* AppleMusicManager.swift */,
				9B623A4B20136074008701EF /* AuthorizationManager.swift */,
				9B623A4020133252008701EF /* NetworkController.swift */,
			);
			path = controller;
			sourceTree = "<group>";
		};
		9B623A4A20136025008701EF /* Resources */ = {
			isa = PBXGroup;
			children = (
				9B3453A62009BB9F00C4CAF7 /* Assets.xcassets */,
				9B3453A32009BB9F00C4CAF7 /* Main.storyboard */,
				9B3453A82009BB9F00C4CAF7 /* LaunchScreen.storyboard */,
			);
			name = Resources;
			sourceTree = "<group>";
		};
/* End PBXGroup section */

/* Begin PBXNativeTarget section */
		9B34539B2009BB9F00C4CAF7 /* MusicKitDemo */ = {
			isa = PBXNativeTarget;
			buildConfigurationList = 9B3453AE2009BB9F00C4CAF7 /* Build configuration list for PBXNativeTarget "MusicKitDemo" */;
			buildPhases = (
				9B3453982009BB9F00C4CAF7 /* Sources */,
				9B3453992009BB9F00C4CAF7 /* Frameworks */,
				9B34539A2009BB9F00C4CAF7 /* Resources */,
			);
			buildRules = (
			);
			dependencies = (
			);
			name = MusicKitDemo;
			productName = MusicKitDemo;
			productReference = 9B34539C2009BB9F00C4CAF7 /* MusicKitDemo.app */;
			productType = "com.apple.product-type.application";
		};
/* End PBXNativeTarget section */

/* Begin PBXProject section */
		9B3453942009BB9F00C4CAF7 /* Project object */ = {
			isa = PBXProject;
			attributes = {
				LastSwiftUpdateCheck = 0920;
				LastUpgradeCheck = 0920;
				ORGANIZATIONNAME = "SHIH-YING PAN";
				TargetAttributes = {
					9B34539B2009BB9F00C4CAF7 = {
						CreatedOnToolsVersion = 9.2;
						ProvisioningStyle = Automatic;
					};
				};
			};
			buildConfigurationList = 9B3453972009BB9F00C4CAF7 /* Build configuration list for PBXProject "MusicKitDemo" */;
			compatibilityVersion = "Xcode 8.0";
			developmentRegion = en;
			hasScannedForEncodings = 0;
			knownRegions = (
				en,
				Base,
			);
			mainGroup = 9B3453932009BB9F00C4CAF7;
			productRefGroup = 9B34539D2009BB9F00C4CAF7 /* Products */;
			projectDirPath = "";
			projectRoot = "";
			targets = (
				9B34539B2009BB9F00C4CAF7 /* MusicKitDemo */,
			);
		};
/* End PBXProject section */

/* Begin PBXResourcesBuildPhase section */
		9B34539A2009BB9F00C4CAF7 /* Resources */ = {
			isa = PBXResourcesBuildPhase;
			buildActionMask = 2147483647;
			files = (
				9B3453AA2009BB9F00C4CAF7 /* LaunchScreen.storyboard in Resources */,
				9B623A4320135529008701EF /* MediaItemTableViewCell.xib in Resources */,
				9B3453A72009BB9F00C4CAF7 /* Assets.xcassets in Resources */,
				9B3453A52009BB9F00C4CAF7 /* Main.storyboard in Resources */,
			);
			runOnlyForDeploymentPostprocessing = 0;
		};
/* End PBXResourcesBuildPhase section */

/* Begin PBXSourcesBuildPhase section */
		9B3453982009BB9F00C4CAF7 /* Sources */ = {
			isa = PBXSourcesBuildPhase;
			buildActionMask = 2147483647;
			files = (
				9B41A09A200BAA5400482629 /* MediaItemTableViewCell.swift in Sources */,
				9B623A4C20136074008701EF /* AuthorizationManager.swift in Sources */,
				9B6995DE2011156E002D3DD7 /* MediaItemViewController.swift in Sources */,
				9B41A09E200BB38D00482629 /* AuthorizeTableViewController.swift in Sources */,
				9B623A4120133252008701EF /* NetworkController.swift in Sources */,
				9B41A0662009FF0D00482629 /* AppleMusicManager.swift in Sources */,
				9B41A06C200A706F00482629 /* Artwork.swift in Sources */,
				9B41A072200A752900482629 /* MyPlaylistTableViewController.swift in Sources */,
				9B41A06E200A707500482629 /* SerializationError.swift in Sources */,
				9B41A09C200BAFD900482629 /* RecentTableViewController.swift in Sources */,
				9B41A068200A6FBE00482629 /* JSONKeys.swift in Sources */,
				9B3453A02009BB9F00C4CAF7 /* AppDelegate.swift in Sources */,
				9B41A0A0200BCDB700482629 /* MediaItemTableViewController.swift in Sources */,
				9B41A098200B3FE300482629 /* SearchTableViewController.swift in Sources */,
				9B41A0642009FE7100482629 /* AppleMusicRequestFactory.swift in Sources */,
				9B41A06A200A701700482629 /* MediaItem.swift in Sources */,
			);
			runOnlyForDeploymentPostprocessing = 0;
		};
/* End PBXSourcesBuildPhase section */

/* Begin PBXVariantGroup section */
		9B3453A32009BB9F00C4CAF7 /* Main.storyboard */ = {
			isa = PBXVariantGroup;
			children = (
				9B3453A42009BB9F00C4CAF7 /* Base */,
			);
			name = Main.storyboard;
			sourceTree = "<group>";
		};
		9B3453A82009BB9F00C4CAF7 /* LaunchScreen.storyboard */ = {
			isa = PBXVariantGroup;
			children = (
				9B3453A92009BB9F00C4CAF7 /* Base */,
			);
			name = LaunchScreen.storyboard;
			sourceTree = "<group>";
		};
/* End PBXVariantGroup section */

/* Begin XCBuildConfiguration section */
		9B3453AC2009BB9F00C4CAF7 /* Debug */ = {
			isa = XCBuildConfiguration;
			buildSettings = {
				ALWAYS_SEARCH_USER_PATHS = NO;
				CLANG_ANALYZER_NONNULL = YES;
				CLANG_ANALYZER_NUMBER_OBJECT_CONVERSION = YES_AGGRESSIVE;
				CLANG_CXX_LANGUAGE_STANDARD = "gnu++14";
				CLANG_CXX_LIBRARY = "libc++";
				CLANG_ENABLE_MODULES = YES;
				CLANG_ENABLE_OBJC_ARC = YES;
				CLANG_WARN_BLOCK_CAPTURE_AUTORELEASING = YES;
				CLANG_WARN_BOOL_CONVERSION = YES;
				CLANG_WARN_COMMA = YES;
				CLANG_WARN_CONSTANT_CONVERSION = YES;
				CLANG_WARN_DIRECT_OBJC_ISA_USAGE = YES_ERROR;
				CLANG_WARN_DOCUMENTATION_COMMENTS = YES;
				CLANG_WARN_EMPTY_BODY = YES;
				CLANG_WARN_ENUM_CONVERSION = YES;
				CLANG_WARN_INFINITE_RECURSION = YES;
				CLANG_WARN_INT_CONVERSION = YES;
				CLANG_WARN_NON_LITERAL_NULL_CONVERSION = YES;
				CLANG_WARN_OBJC_LITERAL_CONVERSION = YES;
				CLANG_WARN_OBJC_ROOT_CLASS = YES_ERROR;
				CLANG_WARN_RANGE_LOOP_ANALYSIS = YES;
				CLANG_WARN_STRICT_PROTOTYPES = YES;
				CLANG_WARN_SUSPICIOUS_MOVE = YES;
				CLANG_WARN_UNGUARDED_AVAILABILITY = YES_AGGRESSIVE;
				CLANG_WARN_UNREACHABLE_CODE = YES;
				CLANG_WARN__DUPLICATE_METHOD_MATCH = YES;
				CODE_SIGN_IDENTITY = "iPhone Developer";
				COPY_PHASE_STRIP = NO;
				DEBUG_INFORMATION_FORMAT = dwarf;
				ENABLE_STRICT_OBJC_MSGSEND = YES;
				ENABLE_TESTABILITY = YES;
				GCC_C_LANGUAGE_STANDARD = gnu11;
				GCC_DYNAMIC_NO_PIC = NO;
				GCC_NO_COMMON_BLOCKS = YES;
				GCC_OPTIMIZATION_LEVEL = 0;
				GCC_PREPROCESSOR_DEFINITIONS = (
					"DEBUG=1",
					"$(inherited)",
				);
				GCC_WARN_64_TO_32_BIT_CONVERSION = YES;
				GCC_WARN_ABOUT_RETURN_TYPE = YES_ERROR;
				GCC_WARN_UNDECLARED_SELECTOR = YES;
				GCC_WARN_UNINITIALIZED_AUTOS = YES_AGGRESSIVE;
				GCC_WARN_UNUSED_FUNCTION = YES;
				GCC_WARN_UNUSED_VARIABLE = YES;
				IPHONEOS_DEPLOYMENT_TARGET = 11.2;
				MTL_ENABLE_DEBUG_INFO = YES;
				ONLY_ACTIVE_ARCH = YES;
				SDKROOT = iphoneos;
				SWIFT_ACTIVE_COMPILATION_CONDITIONS = DEBUG;
				SWIFT_OPTIMIZATION_LEVEL = "-Onone";
			};
			name = Debug;
		};
		9B3453AD2009BB9F00C4CAF7 /* Release */ = {
			isa = XCBuildConfiguration;
			buildSettings = {
				ALWAYS_SEARCH_USER_PATHS = NO;
				CLANG_ANALYZER_NONNULL = YES;
				CLANG_ANALYZER_NUMBER_OBJECT_CONVERSION = YES_AGGRESSIVE;
				CLANG_CXX_LANGUAGE_STANDARD = "gnu++14";
				CLANG_CXX_LIBRARY = "libc++";
				CLANG_ENABLE_MODULES = YES;
				CLANG_ENABLE_OBJC_ARC = YES;
				CLANG_WARN_BLOCK_CAPTURE_AUTORELEASING = YES;
				CLANG_WARN_BOOL_CONVERSION = YES;
				CLANG_WARN_COMMA = YES;
				CLANG_WARN_CONSTANT_CONVERSION = YES;
				CLANG_WARN_DIRECT_OBJC_ISA_USAGE = YES_ERROR;
				CLANG_WARN_DOCUMENTATION_COMMENTS = YES;
				CLANG_WARN_EMPTY_BODY = YES;
				CLANG_WARN_ENUM_CONVERSION = YES;
				CLANG_WARN_INFINITE_RECURSION = YES;
				CLANG_WARN_INT_CONVERSION = YES;
				CLANG_WARN_NON_LITERAL_NULL_CONVERSION = YES;
				CLANG_WARN_OBJC_LITERAL_CONVERSION = YES;
				CLANG_WARN_OBJC_ROOT_CLASS = YES_ERROR;
				CLANG_WARN_RANGE_LOOP_ANALYSIS = YES;
				CLANG_WARN_STRICT_PROTOTYPES = YES;
				CLANG_WARN_SUSPICIOUS_MOVE = YES;
				CLANG_WARN_UNGUARDED_AVAILABILITY = YES_AGGRESSIVE;
				CLANG_WARN_UNREACHABLE_CODE = YES;
				CLANG_WARN__DUPLICATE_METHOD_MATCH = YES;
				CODE_SIGN_IDENTITY = "iPhone Developer";
				COPY_PHASE_STRIP = NO;
				DEBUG_INFORMATION_FORMAT = "dwarf-with-dsym";
				ENABLE_NS_ASSERTIONS = NO;
				ENABLE_STRICT_OBJC_MSGSEND = YES;
				GCC_C_LANGUAGE_STANDARD = gnu11;
				GCC_NO_COMMON_BLOCKS = YES;
				GCC_WARN_64_TO_32_BIT_CONVERSION = YES;
				GCC_WARN_ABOUT_RETURN_TYPE = YES_ERROR;
				GCC_WARN_UNDECLARED_SELECTOR = YES;
				GCC_WARN_UNINITIALIZED_AUTOS = YES_AGGRESSIVE;
				GCC_WARN_UNUSED_FUNCTION = YES;
				GCC_WARN_UNUSED_VARIABLE = YES;
				IPHONEOS_DEPLOYMENT_TARGET = 11.2;
				MTL_ENABLE_DEBUG_INFO = NO;
				SDKROOT = iphoneos;
				SWIFT_OPTIMIZATION_LEVEL = "-Owholemodule";
				VALIDATE_PRODUCT = YES;
			};
			name = Release;
		};
		9B3453AF2009BB9F00C4CAF7 /* Debug */ = {
			isa = XCBuildConfiguration;
			buildSettings = {
				ASSETCATALOG_COMPILER_APPICON_NAME = AppIcon;
				CODE_SIGN_STYLE = Automatic;
				DEVELOPMENT_TEAM = G4HL98LX6L;
				INFOPLIST_FILE = MusicKitDemo/Info.plist;
				IPHONEOS_DEPLOYMENT_TARGET = 11.0;
				LD_RUNPATH_SEARCH_PATHS = "$(inherited) @executable_path/Frameworks";
				PRODUCT_BUNDLE_IDENTIFIER = com.peter.MusicKitDemo;
				PRODUCT_NAME = "$(TARGET_NAME)";
				SWIFT_VERSION = 4.0;
				TARGETED_DEVICE_FAMILY = "1,2";
			};
			name = Debug;
		};
		9B3453B02009BB9F00C4CAF7 /* Release */ = {
			isa = XCBuildConfiguration;
			buildSettings = {
				ASSETCATALOG_COMPILER_APPICON_NAME = AppIcon;
				CODE_SIGN_STYLE = Automatic;
				DEVELOPMENT_TEAM = G4HL98LX6L;
				INFOPLIST_FILE = MusicKitDemo/Info.plist;
				IPHONEOS_DEPLOYMENT_TARGET = 11.0;
				LD_RUNPATH_SEARCH_PATHS = "$(inherited) @executable_path/Frameworks";
				PRODUCT_BUNDLE_IDENTIFIER = com.peter.MusicKitDemo;
				PRODUCT_NAME = "$(TARGET_NAME)";
				SWIFT_VERSION = 4.0;
				TARGETED_DEVICE_FAMILY = "1,2";
			};
			name = Release;
		};
/* End XCBuildConfiguration section */

/* Begin XCConfigurationList section */
		9B3453972009BB9F00C4CAF7 /* Build configuration list for PBXProject "MusicKitDemo" */ = {
			isa = XCConfigurationList;
			buildConfigurations = (
				9B3453AC2009BB9F00C4CAF7 /* Debug */,
				9B3453AD2009BB9F00C4CAF7 /* Release */,
			);
			defaultConfigurationIsVisible = 0;
			defaultConfigurationName = Release;
		};
		9B3453AE2009BB9F00C4CAF7 /* Build configuration list for PBXNativeTarget "MusicKitDemo" */ = {
			isa = XCConfigurationList;
			buildConfigurations = (
				9B3453AF2009BB9F00C4CAF7 /* Debug */,
				9B3453B02009BB9F00C4CAF7 /* Release */,
			);
			defaultConfigurationIsVisible = 0;
			defaultConfigurationName = Release;
		};
/* End XCConfigurationList section */
	};
	rootObject = 9B3453942009BB9F00C4CAF7 /* Project object */;
}
